PODS:
  - cmark-gfm (0.0.3)
  - Markdown (0.0.1):
    - cmark-gfm

DEPENDENCIES:
  - cmark-gfm (from `https://github.com/ghostcrying/swift-cmark.git`, tag `0.0.3`)
  - Markdown (from `../../`)

EXTERNAL SOURCES:
  cmark-gfm:
    :git: https://github.com/ghostcrying/swift-cmark.git
    :tag: 0.0.3
  Markdown:
    :path: "../../"

CHECKOUT OPTIONS:
  cmark-gfm:
    :git: https://github.com/ghostcrying/swift-cmark.git
    :tag: 0.0.3

SPEC CHECKSUMS:
  cmark-gfm: 58c77b8b8a9fa0516ea116571dfbdbbc354c93c5
  Markdown: 2b73bd653a1251a805a68254e559f0094d93e323

PODFILE CHECKSUM: a50de179b29db15dfac12fdf01ebacbc53980d27

COCOAPODS: 1.12.0
